
Microsoft Visual Studio Solution File, Format Version 12.00
# Visual Studio Version 17
VisualStudioVersion = 17.7.34202.233
MinimumVisualStudioVersion = 10.0.40219.1
Project("{9A19103F-16F7-4668-BE54-9A1E7A4F7556}") = "ATM Winforms", "ATM Winforms.csproj", "{56E54185-3BCD-465B-8F1A-2920E7D021CA}"
EndProject
Project("{9A19103F-16F7-4668-BE54-9A1E7A4F7556}") = "ATM_CryptoGuardian", "..\ATM_CryptoGuardian\ATM_CryptoGuardian.csproj", "{C2EEFBC1-656F-4F9A-B6BE-8893E173D131}"
EndProject
Project("{00D1A9C2-B5F0-4AF3-8072-F6C62B433612}") = "ATM_DATABASE", "..\ATM_DATABASE\ATM_DATABASE.sqlproj", "{A7B0D2B3-6D4A-44FF-BDF7-343927567D30}"
EndProject
Global
	GlobalSection(SolutionConfigurationPlatforms) = preSolution
		Debug|Any CPU = Debug|Any CPU
		Release|Any CPU = Release|Any CPU
	EndGlobalSection
	GlobalSection(ProjectConfigurationPlatforms) = postSolution
		{56E54185-3BCD-465B-8F1A-2920E7D021CA}.Debug|Any CPU.ActiveCfg = Debug|Any CPU
		{56E54185-3BCD-465B-8F1A-2920E7D021CA}.Debug|Any CPU.Build.0 = Debug|Any CPU
		{56E54185-3BCD-465B-8F1A-2920E7D021CA}.Release|Any CPU.ActiveCfg = Release|Any CPU
		{56E54185-3BCD-465B-8F1A-2920E7D021CA}.Release|Any CPU.Build.0 = Release|Any CPU
		{C2EEFBC1-656F-4F9A-B6BE-8893E173D131}.Debug|Any CPU.ActiveCfg = Debug|Any CPU
		{C2EEFBC1-656F-4F9A-B6BE-8893E173D131}.Debug|Any CPU.Build.0 = Debug|Any CPU
		{C2EEFBC1-656F-4F9A-B6BE-8893E173D131}.Release|Any CPU.ActiveCfg = Release|Any CPU
		{C2EEFBC1-656F-4F9A-B6BE-8893E173D131}.Release|Any CPU.Build.0 = Release|Any CPU
		{A7B0D2B3-6D4A-44FF-BDF7-343927567D30}.Debug|Any CPU.ActiveCfg = Debug|Any CPU
		{A7B0D2B3-6D4A-44FF-BDF7-343927567D30}.Debug|Any CPU.Build.0 = Debug|Any CPU
		{A7B0D2B3-6D4A-44FF-BDF7-343927567D30}.Debug|Any CPU.Deploy.0 = Debug|Any CPU
		{A7B0D2B3-6D4A-44FF-BDF7-343927567D30}.Release|Any CPU.ActiveCfg = Release|Any CPU
		{A7B0D2B3-6D4A-44FF-BDF7-343927567D30}.Release|Any CPU.Build.0 = Release|Any CPU
		{A7B0D2B3-6D4A-44FF-BDF7-343927567D30}.Release|Any CPU.Deploy.0 = Release|Any CPU
	EndGlobalSection
	GlobalSection(SolutionProperties) = preSolution
		HideSolutionNode = FALSE
	EndGlobalSection
	GlobalSection(ExtensibilityGlobals) = postSolution
		SolutionGuid = {FBFBA98C-C38A-4F81-8B60-BE68E77BF885}
	EndGlobalSection
EndGlobal
