
Microsoft Visual Studio Solution File, Format Version 12.00
# Visual Studio Version 17
VisualStudioVersion = 17.7.34202.233
MinimumVisualStudioVersion = 10.0.40219.1
Project("{FAE04EC0-301F-11D3-BF4B-00C04F79EFBC}") = "ATM_Winforms", "ATM_Winforms.csproj", "{CF46AE27-C865-46B4-9227-A8ADCB2483EC}"
EndProject
Project("{00D1A9C2-B5F0-4AF3-8072-F6C62B433612}") = "ATM Database", "ATM Database\ATM Database.sqlproj", "{38ADA79B-2F9B-4F29-9A7A-2D7916C655C1}"
EndProject
Global
	GlobalSection(SolutionConfigurationPlatforms) = preSolution
		Debug|Any CPU = Debug|Any CPU
		Release|Any CPU = Release|Any CPU
	EndGlobalSection
	GlobalSection(ProjectConfigurationPlatforms) = postSolution
		{CF46AE27-C865-46B4-9227-A8ADCB2483EC}.Debug|Any CPU.ActiveCfg = Debug|Any CPU
		{CF46AE27-C865-46B4-9227-A8ADCB2483EC}.Debug|Any CPU.Build.0 = Debug|Any CPU
		{CF46AE27-C865-46B4-9227-A8ADCB2483EC}.Release|Any CPU.ActiveCfg = Release|Any CPU
		{CF46AE27-C865-46B4-9227-A8ADCB2483EC}.Release|Any CPU.Build.0 = Release|Any CPU
		{38ADA79B-2F9B-4F29-9A7A-2D7916C655C1}.Debug|Any CPU.ActiveCfg = Debug|Any CPU
		{38ADA79B-2F9B-4F29-9A7A-2D7916C655C1}.Debug|Any CPU.Build.0 = Debug|Any CPU
		{38ADA79B-2F9B-4F29-9A7A-2D7916C655C1}.Debug|Any CPU.Deploy.0 = Debug|Any CPU
		{38ADA79B-2F9B-4F29-9A7A-2D7916C655C1}.Release|Any CPU.ActiveCfg = Release|Any CPU
		{38ADA79B-2F9B-4F29-9A7A-2D7916C655C1}.Release|Any CPU.Build.0 = Release|Any CPU
		{38ADA79B-2F9B-4F29-9A7A-2D7916C655C1}.Release|Any CPU.Deploy.0 = Release|Any CPU
	EndGlobalSection
	GlobalSection(SolutionProperties) = preSolution
		HideSolutionNode = FALSE
	EndGlobalSection
	GlobalSection(ExtensibilityGlobals) = postSolution
		SolutionGuid = {1A5DB7E2-947F-49EA-A473-62F2D987EBBA}
	EndGlobalSection
EndGlobal
